
Microsoft Visual Studio Solution File, Format Version 12.00
# Visual Studio 15
VisualStudioVersion = 15.0.27130.2010
MinimumVisualStudioVersion = 10.0.40219.1
Project("{A07B5EB6-E848-4116-A8D0-A826331D98C6}") = "AwesomeBucket.PlayMoney", "AwesomeBucket.PlayMoney\AwesomeBucket.PlayMoney.sfproj", "{480C564A-D985-4BEB-8DCA-E007966CC694}"
EndProject
Project("{9A19103F-16F7-4668-BE54-9A1E7A4F7556}") = "AwesomeBucket.PlayMoney.Api", "AwesomeBucket.PlayMoney.Api\AwesomeBucket.PlayMoney.Api.csproj", "{B34F33FD-D85C-41C5-A89B-4E1835AE5C38}"
EndProject
Project("{2150E333-8FDC-42A3-9474-1A3956D46DE8}") = "Actors", "Actors", "{ADA13A1D-F293-40C1-AAB7-072F3ACB0933}"
EndProject
Global
	GlobalSection(SolutionConfigurationPlatforms) = preSolution
		Debug|Any CPU = Debug|Any CPU
		Debug|x64 = Debug|x64
		Release|Any CPU = Release|Any CPU
		Release|x64 = Release|x64
	EndGlobalSection
	GlobalSection(ProjectConfigurationPlatforms) = postSolution
		{480C564A-D985-4BEB-8DCA-E007966CC694}.Debug|Any CPU.ActiveCfg = Debug|x64
		{480C564A-D985-4BEB-8DCA-E007966CC694}.Debug|x64.ActiveCfg = Debug|x64
		{480C564A-D985-4BEB-8DCA-E007966CC694}.Debug|x64.Build.0 = Debug|x64
		{480C564A-D985-4BEB-8DCA-E007966CC694}.Debug|x64.Deploy.0 = Debug|x64
		{480C564A-D985-4BEB-8DCA-E007966CC694}.Release|Any CPU.ActiveCfg = Release|x64
		{480C564A-D985-4BEB-8DCA-E007966CC694}.Release|x64.ActiveCfg = Release|x64
		{480C564A-D985-4BEB-8DCA-E007966CC694}.Release|x64.Build.0 = Release|x64
		{480C564A-D985-4BEB-8DCA-E007966CC694}.Release|x64.Deploy.0 = Release|x64
		{B34F33FD-D85C-41C5-A89B-4E1835AE5C38}.Debug|Any CPU.ActiveCfg = Debug|Any CPU
		{B34F33FD-D85C-41C5-A89B-4E1835AE5C38}.Debug|Any CPU.Build.0 = Debug|Any CPU
		{B34F33FD-D85C-41C5-A89B-4E1835AE5C38}.Debug|x64.ActiveCfg = Debug|Any CPU
		{B34F33FD-D85C-41C5-A89B-4E1835AE5C38}.Debug|x64.Build.0 = Debug|Any CPU
		{B34F33FD-D85C-41C5-A89B-4E1835AE5C38}.Release|Any CPU.ActiveCfg = Release|Any CPU
		{B34F33FD-D85C-41C5-A89B-4E1835AE5C38}.Release|Any CPU.Build.0 = Release|Any CPU
		{B34F33FD-D85C-41C5-A89B-4E1835AE5C38}.Release|x64.ActiveCfg = Release|Any CPU
		{B34F33FD-D85C-41C5-A89B-4E1835AE5C38}.Release|x64.Build.0 = Release|Any CPU
	EndGlobalSection
	GlobalSection(SolutionProperties) = preSolution
		HideSolutionNode = FALSE
	EndGlobalSection
	GlobalSection(ExtensibilityGlobals) = postSolution
		SolutionGuid = {0DCB676C-1673-4F4F-BD0C-13C371FA07AF}
	EndGlobalSection
EndGlobal
